{
  "name": "ali",
  "version": "1.0.0",
  "lockfileVersion": 3,
  "requires": true,
  "packages": {
    "": {
      "name": "ali",
      "version": "1.0.0",
      "license": "ISC",
      "dependencies": {
        "nrel-spa": "^1.2.4"
      }
    },
    "node_modules/nrel-spa": {
      "version": "1.2.4",
      "resolved": "https://registry.npmjs.org/nrel-spa/-/nrel-spa-1.2.4.tgz",
      "integrity": "sha512-oMHWY7GvBmWxkfLUFm/Goo/MYdRr43UirYzaMofwjSt+Koc4D/91CipBoKTax55WFtslsIYR+mK3lz6SfWrSiA=="
    }
  }
}
